
Microsoft Visual Studio Solution File, Format Version 12.00
# Visual Studio Version 17
VisualStudioVersion = 17.4.33122.133
MinimumVisualStudioVersion = 10.0.40219.1
Project("{9A19103F-16F7-4668-BE54-9A1E7A4F7556}") = "WebAppIdentityTest", "WebAppIdentityTest.csproj", "{18E76477-E92E-4346-9239-1425C6DAEAE7}"
EndProject
Global
	GlobalSection(SolutionConfigurationPlatforms) = preSolution
		Debug|Any CPU = Debug|Any CPU
		Release|Any CPU = Release|Any CPU
	EndGlobalSection
	GlobalSection(ProjectConfigurationPlatforms) = postSolution
		{18E76477-E92E-4346-9239-1425C6DAEAE7}.Debug|Any CPU.ActiveCfg = Debug|Any CPU
		{18E76477-E92E-4346-9239-1425C6DAEAE7}.Debug|Any CPU.Build.0 = Debug|Any CPU
		{18E76477-E92E-4346-9239-1425C6DAEAE7}.Release|Any CPU.ActiveCfg = Release|Any CPU
		{18E76477-E92E-4346-9239-1425C6DAEAE7}.Release|Any CPU.Build.0 = Release|Any CPU
	EndGlobalSection
	GlobalSection(SolutionProperties) = preSolution
		HideSolutionNode = FALSE
	EndGlobalSection
	GlobalSection(ExtensibilityGlobals) = postSolution
		SolutionGuid = {75B7C3BF-338A-4FBE-940A-6D1995F0DACA}
	EndGlobalSection
EndGlobal
